
Microsoft Visual Studio Solution File, Format Version 12.00
# Visual Studio Version 16
VisualStudioVersion = 16.0.30907.101
MinimumVisualStudioVersion = 10.0.40219.1
Project("{FAE04EC0-301F-11D3-BF4B-00C04F79EFBC}") = "DropDownWeb", "DropDownWeb\DropDownWeb.csproj", "{BAB742C9-30CA-49D0-9BA2-22EA8F943FAC}"
EndProject
Global
	GlobalSection(SolutionConfigurationPlatforms) = preSolution
		Debug|Any CPU = Debug|Any CPU
		Release|Any CPU = Release|Any CPU
	EndGlobalSection
	GlobalSection(ProjectConfigurationPlatforms) = postSolution
		{BAB742C9-30CA-49D0-9BA2-22EA8F943FAC}.Debug|Any CPU.ActiveCfg = Debug|Any CPU
		{BAB742C9-30CA-49D0-9BA2-22EA8F943FAC}.Debug|Any CPU.Build.0 = Debug|Any CPU
		{BAB742C9-30CA-49D0-9BA2-22EA8F943FAC}.Release|Any CPU.ActiveCfg = Release|Any CPU
		{BAB742C9-30CA-49D0-9BA2-22EA8F943FAC}.Release|Any CPU.Build.0 = Release|Any CPU
	EndGlobalSection
	GlobalSection(SolutionProperties) = preSolution
		HideSolutionNode = FALSE
	EndGlobalSection
	GlobalSection(ExtensibilityGlobals) = postSolution
		SolutionGuid = {24047FFC-4782-4630-AAC1-E88A880452FA}
	EndGlobalSection
EndGlobal
